
Microsoft Visual Studio Solution File, Format Version 12.00
# Visual Studio 15
VisualStudioVersion = 15.0.27703.2035
MinimumVisualStudioVersion = 10.0.40219.1
Project("{FAE04EC0-301F-11D3-BF4B-00C04F79EFBC}") = "OAFramework.RocketSockets", "OAFramework.RocketSockets\OAFramework.RocketSockets.csproj", "{CEAC6974-9033-48CE-9842-329F9B8D4683}"
EndProject
Project("{FAE04EC0-301F-11D3-BF4B-00C04F79EFBC}") = "OAFramework.RocketSockets.TestUnit", "OAFramework.RocketSockets.TestUnit\OAFramework.RocketSockets.TestUnit.csproj", "{037EFD37-F724-40C3-8980-AEAAC934BAE0}"
EndProject
Global
	GlobalSection(SolutionConfigurationPlatforms) = preSolution
		Debug|Any CPU = Debug|Any CPU
		Release|Any CPU = Release|Any CPU
	EndGlobalSection
	GlobalSection(ProjectConfigurationPlatforms) = postSolution
		{CEAC6974-9033-48CE-9842-329F9B8D4683}.Debug|Any CPU.ActiveCfg = Debug|Any CPU
		{CEAC6974-9033-48CE-9842-329F9B8D4683}.Debug|Any CPU.Build.0 = Debug|Any CPU
		{CEAC6974-9033-48CE-9842-329F9B8D4683}.Release|Any CPU.ActiveCfg = Release|Any CPU
		{CEAC6974-9033-48CE-9842-329F9B8D4683}.Release|Any CPU.Build.0 = Release|Any CPU
		{037EFD37-F724-40C3-8980-AEAAC934BAE0}.Debug|Any CPU.ActiveCfg = Debug|Any CPU
		{037EFD37-F724-40C3-8980-AEAAC934BAE0}.Debug|Any CPU.Build.0 = Debug|Any CPU
		{037EFD37-F724-40C3-8980-AEAAC934BAE0}.Release|Any CPU.ActiveCfg = Release|Any CPU
		{037EFD37-F724-40C3-8980-AEAAC934BAE0}.Release|Any CPU.Build.0 = Release|Any CPU
	EndGlobalSection
	GlobalSection(SolutionProperties) = preSolution
		HideSolutionNode = FALSE
	EndGlobalSection
	GlobalSection(ExtensibilityGlobals) = postSolution
		SolutionGuid = {A5E56B4F-87A2-4C6D-A1C8-BCF17E88F6C1}
	EndGlobalSection
EndGlobal
